
Microsoft Visual Studio Solution File, Format Version 12.00
# Visual Studio Version 17
VisualStudioVersion = 17.8.34525.116
MinimumVisualStudioVersion = 10.0.40219.1
Project("{FAE04EC0-301F-11D3-BF4B-00C04F79EFBC}") = "pizzaStoreUML1", "pizzaStoreUML1\pizzaStoreUML1.csproj", "{E119FB04-0E6F-44BA-B7AB-B79083CC56B6}"
EndProject
Global
	GlobalSection(SolutionConfigurationPlatforms) = preSolution
		Debug|Any CPU = Debug|Any CPU
		Release|Any CPU = Release|Any CPU
	EndGlobalSection
	GlobalSection(ProjectConfigurationPlatforms) = postSolution
		{E119FB04-0E6F-44BA-B7AB-B79083CC56B6}.Debug|Any CPU.ActiveCfg = Debug|Any CPU
		{E119FB04-0E6F-44BA-B7AB-B79083CC56B6}.Debug|Any CPU.Build.0 = Debug|Any CPU
		{E119FB04-0E6F-44BA-B7AB-B79083CC56B6}.Release|Any CPU.ActiveCfg = Release|Any CPU
		{E119FB04-0E6F-44BA-B7AB-B79083CC56B6}.Release|Any CPU.Build.0 = Release|Any CPU
	EndGlobalSection
	GlobalSection(SolutionProperties) = preSolution
		HideSolutionNode = FALSE
	EndGlobalSection
	GlobalSection(ExtensibilityGlobals) = postSolution
		SolutionGuid = {AD75EC20-70D0-4F58-AA71-E279BC99CB74}
	EndGlobalSection
EndGlobal
